<Solution>
  <Folder Name="/misc/">
    <File Path="Directory.build.project.props" />
    <File Path="Directory.build.props" />
    <File Path="Directory.build.shared.explicit.props" />
    <File Path="Directory.build.shared.implicit.props" />
    <File Path="Directory.build.shared.mat.props" />
    <File Path="Directory.build.targets" />
    <File Path="GlobalSuppressions.cs" />
    <File Path="MethodTimeLogger.cs" />
    <File Path="Orc.Controls.sln.DotSettings" />
    <File Path="SolutionAssemblyInfo.cs" />
  </Folder>
  <Folder Name="/src/" />
  <Folder Name="/src/Core/">
    <Project Path="Orc.Theming/Orc.Theming.csproj" />
  </Folder>
  <Folder Name="/src/Examples/">
    <Project Path="Orc.Theming.Example/Orc.Theming.Example.csproj" />
  </Folder>
  <Folder Name="/src/Tests/">
    <Project Path="Orc.Theming.Tests/Orc.Theming.Tests.csproj" />
  </Folder>
</Solution>
